// !$*UTF8*$!
{
	archiveVersion = 1;
	classes = {
	};
	objectVersion = 50;
	objects = {

/* Begin PBXBuildFile section */
		1F058D6F23358E5000426267 /* UpdatePortraitPic.swift in Sources */ = {isa = PBXBuildFile; fileRef = 1F058D6E23358E5000426267 /* UpdatePortraitPic.swift */; };
		1F1C2C1C236B7E050028ABA8 /* NetworkingPost.swift in Sources */ = {isa = PBXBuildFile; fileRef = 1F1C2C1B236B7E050028ABA8 /* NetworkingPost.swift */; };
		1F41715E236661B30078DEA2 /* SignInView.swift in Sources */ = {isa = PBXBuildFile; fileRef = 1F41715D236661B30078DEA2 /* SignInView.swift */; };
		1F54FF81231454E900678823 /* Assets.xcassets in Resources */ = {isa = PBXBuildFile; fileRef = 1F54FF80231454E900678823 /* Assets.xcassets */; };
		1F54FF832314A9FA00678823 /* ProfilePostUsrCell.swift in Sources */ = {isa = PBXBuildFile; fileRef = 1F54FF822314A9FA00678823 /* ProfilePostUsrCell.swift */; };
		1F54FF852314ADB400678823 /* UserModel.swift in Sources */ = {isa = PBXBuildFile; fileRef = 1F54FF842314ADB400678823 /* UserModel.swift */; };
		1F5C340C23233CE600E2654A /* portrait.png in Resources */ = {isa = PBXBuildFile; fileRef = 1F5C340B23233CE500E2654A /* portrait.png */; };
		1F5C340E23234BF600E2654A /* UpdateProfilePicController.swift in Sources */ = {isa = PBXBuildFile; fileRef = 1F5C340D23234BF600E2654A /* UpdateProfilePicController.swift */; };
		1F7E9BCC2345A71E009444B0 /* UpdateInfoUsrController.swift in Sources */ = {isa = PBXBuildFile; fileRef = 1F7E9BCB2345A71E009444B0 /* UpdateInfoUsrController.swift */; };
		1F80588723B9B2D300C50037 /* CellPics.swift in Sources */ = {isa = PBXBuildFile; fileRef = 1F80588623B9B2D300C50037 /* CellPics.swift */; };
		1F97DB422369D96300DEB74D /* CreatePostController.swift in Sources */ = {isa = PBXBuildFile; fileRef = 1F97DB412369D96300DEB74D /* CreatePostController.swift */; };
		1FAD554C236921CE007A9B85 /* NetworkingSignIn.swift in Sources */ = {isa = PBXBuildFile; fileRef = 1FAD554B236921CE007A9B85 /* NetworkingSignIn.swift */; };
		1FAD555323693CCA007A9B85 /* HeaderPics.swift in Sources */ = {isa = PBXBuildFile; fileRef = 1FAD555223693CCA007A9B85 /* HeaderPics.swift */; };
		1FCAB25C23B5B8830052DD11 /* PostModel.swift in Sources */ = {isa = PBXBuildFile; fileRef = 1FCAB25B23B5B8830052DD11 /* PostModel.swift */; };
		1FDA338523305F85006660A4 /* DownloadImage.swift in Sources */ = {isa = PBXBuildFile; fileRef = 1FDA338423305F85006660A4 /* DownloadImage.swift */; };
		1FDA3387233064EE006660A4 /* NetworkingServices.swift in Sources */ = {isa = PBXBuildFile; fileRef = 1FDA3386233064EE006660A4 /* NetworkingServices.swift */; };
		1FEC63F7235FF4B4001FBF56 /* MenuView.swift in Sources */ = {isa = PBXBuildFile; fileRef = 1FEC63F6235FF4B4001FBF56 /* MenuView.swift */; };
		1FEE0EAB2311EB9300EE1E29 /* MainTabBarController.swift in Sources */ = {isa = PBXBuildFile; fileRef = 1FEE0EAA2311EB9300EE1E29 /* MainTabBarController.swift */; };
		1FEE0EB22311F9A800EE1E29 /* HomeFeedController.swift in Sources */ = {isa = PBXBuildFile; fileRef = 1FEE0EB12311F9A800EE1E29 /* HomeFeedController.swift */; };
		1FEE0EB42311F9FB00EE1E29 /* SearchController.swift in Sources */ = {isa = PBXBuildFile; fileRef = 1FEE0EB32311F9FB00EE1E29 /* SearchController.swift */; };
		1FEE0EB62311FA4200EE1E29 /* UploadPicController.swift in Sources */ = {isa = PBXBuildFile; fileRef = 1FEE0EB52311FA4200EE1E29 /* UploadPicController.swift */; };
		1FEE0EB82311FAC900EE1E29 /* NotifyController.swift in Sources */ = {isa = PBXBuildFile; fileRef = 1FEE0EB72311FAC900EE1E29 /* NotifyController.swift */; };
		1FEE0EBA2311FB6300EE1E29 /* UserProfileController.swift in Sources */ = {isa = PBXBuildFile; fileRef = 1FEE0EB92311FB6300EE1E29 /* UserProfileController.swift */; };
		1FEE0EBF2312041E00EE1E29 /* UserProfileHeader.swift in Sources */ = {isa = PBXBuildFile; fileRef = 1FEE0EBE2312041E00EE1E29 /* UserProfileHeader.swift */; };
		1FEE0EC4231206BC00EE1E29 /* user_avatar.png in Resources */ = {isa = PBXBuildFile; fileRef = 1FEE0EC3231206BC00EE1E29 /* user_avatar.png */; };
		1FF0103E2310A1620072006D /* AppDelegate.swift in Sources */ = {isa = PBXBuildFile; fileRef = 1FF0103D2310A1620072006D /* AppDelegate.swift */; };
		1FF010402310A1620072006D /* SignInController.swift in Sources */ = {isa = PBXBuildFile; fileRef = 1FF0103F2310A1620072006D /* SignInController.swift */; };
		1FF010432310A1620072006D /* Main.storyboard in Resources */ = {isa = PBXBuildFile; fileRef = 1FF010412310A1620072006D /* Main.storyboard */; };
		1FF010482310A1620072006D /* LaunchScreen.storyboard in Resources */ = {isa = PBXBuildFile; fileRef = 1FF010462310A1620072006D /* LaunchScreen.storyboard */; };
		1FF010542310E3E90072006D /* SignUpController.swift in Sources */ = {isa = PBXBuildFile; fileRef = 1FF010532310E3E90072006D /* SignUpController.swift */; };
/* End PBXBuildFile section */

/* Begin PBXFileReference section */
		1F058D6E23358E5000426267 /* UpdatePortraitPic.swift */ = {isa = PBXFileReference; lastKnownFileType = sourcecode.swift; path = UpdatePortraitPic.swift; sourceTree = "<group>"; };
		1F1C2C1B236B7E050028ABA8 /* NetworkingPost.swift */ = {isa = PBXFileReference; lastKnownFileType = sourcecode.swift; path = NetworkingPost.swift; sourceTree = "<group>"; };
		1F41715D236661B30078DEA2 /* SignInView.swift */ = {isa = PBXFileReference; lastKnownFileType = sourcecode.swift; path = SignInView.swift; sourceTree = "<group>"; };
		1F54FF80231454E900678823 /* Assets.xcassets */ = {isa = PBXFileReference; lastKnownFileType = folder.assetcatalog; path = Assets.xcassets; sourceTree = "<group>"; };
		1F54FF822314A9FA00678823 /* ProfilePostUsrCell.swift */ = {isa = PBXFileReference; lastKnownFileType = sourcecode.swift; path = ProfilePostUsrCell.swift; sourceTree = "<group>"; };
		1F54FF842314ADB400678823 /* UserModel.swift */ = {isa = PBXFileReference; lastKnownFileType = sourcecode.swift; path = UserModel.swift; sourceTree = "<group>"; };
		1F5C340B23233CE500E2654A /* portrait.png */ = {isa = PBXFileReference; lastKnownFileType = image.png; path = portrait.png; sourceTree = "<group>"; };
		1F5C340D23234BF600E2654A /* UpdateProfilePicController.swift */ = {isa = PBXFileReference; lastKnownFileType = sourcecode.swift; path = UpdateProfilePicController.swift; sourceTree = "<group>"; };
		1F7E9BCB2345A71E009444B0 /* UpdateInfoUsrController.swift */ = {isa = PBXFileReference; lastKnownFileType = sourcecode.swift; path = UpdateInfoUsrController.swift; sourceTree = "<group>"; };
		1F80588623B9B2D300C50037 /* CellPics.swift */ = {isa = PBXFileReference; fileEncoding = 4; lastKnownFileType = sourcecode.swift; name = CellPics.swift; path = ../../../../../../.Trash/CellPics.swift; sourceTree = "<group>"; };
		1F97DB412369D96300DEB74D /* CreatePostController.swift */ = {isa = PBXFileReference; lastKnownFileType = sourcecode.swift; path = CreatePostController.swift; sourceTree = "<group>"; };
		1FAD554B236921CE007A9B85 /* NetworkingSignIn.swift */ = {isa = PBXFileReference; lastKnownFileType = sourcecode.swift; path = NetworkingSignIn.swift; sourceTree = "<group>"; };
		1FAD555223693CCA007A9B85 /* HeaderPics.swift */ = {isa = PBXFileReference; lastKnownFileType = sourcecode.swift; path = HeaderPics.swift; sourceTree = "<group>"; };
		1FCAB25B23B5B8830052DD11 /* PostModel.swift */ = {isa = PBXFileReference; lastKnownFileType = sourcecode.swift; path = PostModel.swift; sourceTree = "<group>"; };
		1FDA338423305F85006660A4 /* DownloadImage.swift */ = {isa = PBXFileReference; lastKnownFileType = sourcecode.swift; path = DownloadImage.swift; sourceTree = "<group>"; };
		1FDA3386233064EE006660A4 /* NetworkingServices.swift */ = {isa = PBXFileReference; lastKnownFileType = sourcecode.swift; path = NetworkingServices.swift; sourceTree = "<group>"; };
		1FEC63F6235FF4B4001FBF56 /* MenuView.swift */ = {isa = PBXFileReference; lastKnownFileType = sourcecode.swift; path = MenuView.swift; sourceTree = "<group>"; };
		1FEE0EAA2311EB9300EE1E29 /* MainTabBarController.swift */ = {isa = PBXFileReference; lastKnownFileType = sourcecode.swift; path = MainTabBarController.swift; sourceTree = "<group>"; };
		1FEE0EB12311F9A800EE1E29 /* HomeFeedController.swift */ = {isa = PBXFileReference; lastKnownFileType = sourcecode.swift; path = HomeFeedController.swift; sourceTree = "<group>"; };
		1FEE0EB32311F9FB00EE1E29 /* SearchController.swift */ = {isa = PBXFileReference; lastKnownFileType = sourcecode.swift; path = SearchController.swift; sourceTree = "<group>"; };
		1FEE0EB52311FA4200EE1E29 /* UploadPicController.swift */ = {isa = PBXFileReference; lastKnownFileType = sourcecode.swift; path = UploadPicController.swift; sourceTree = "<group>"; };
		1FEE0EB72311FAC900EE1E29 /* NotifyController.swift */ = {isa = PBXFileReference; lastKnownFileType = sourcecode.swift; path = NotifyController.swift; sourceTree = "<group>"; };
		1FEE0EB92311FB6300EE1E29 /* UserProfileController.swift */ = {isa = PBXFileReference; lastKnownFileType = sourcecode.swift; path = UserProfileController.swift; sourceTree = "<group>"; usesTabs = 0; };
		1FEE0EBE2312041E00EE1E29 /* UserProfileHeader.swift */ = {isa = PBXFileReference; lastKnownFileType = sourcecode.swift; path = UserProfileHeader.swift; sourceTree = "<group>"; };
		1FEE0EC3231206BC00EE1E29 /* user_avatar.png */ = {isa = PBXFileReference; lastKnownFileType = image.png; path = user_avatar.png; sourceTree = "<group>"; };
		1FF0103A2310A1620072006D /* uPhotos.app */ = {isa = PBXFileReference; explicitFileType = wrapper.application; includeInIndex = 0; path = uPhotos.app; sourceTree = BUILT_PRODUCTS_DIR; };
		1FF0103D2310A1620072006D /* AppDelegate.swift */ = {isa = PBXFileReference; lastKnownFileType = sourcecode.swift; path = AppDelegate.swift; sourceTree = "<group>"; };
		1FF0103F2310A1620072006D /* SignInController.swift */ = {isa = PBXFileReference; lastKnownFileType = sourcecode.swift; path = SignInController.swift; sourceTree = "<group>"; };
		1FF010422310A1620072006D /* Base */ = {isa = PBXFileReference; lastKnownFileType = file.storyboard; name = Base; path = Base.lproj/Main.storyboard; sourceTree = "<group>"; };
		1FF010472310A1620072006D /* Base */ = {isa = PBXFileReference; lastKnownFileType = file.storyboard; name = Base; path = Base.lproj/LaunchScreen.storyboard; sourceTree = "<group>"; };
		1FF010492310A1620072006D /* Info.plist */ = {isa = PBXFileReference; lastKnownFileType = text.plist.xml; path = Info.plist; sourceTree = "<group>"; };
		1FF010532310E3E90072006D /* SignUpController.swift */ = {isa = PBXFileReference; lastKnownFileType = sourcecode.swift; path = SignUpController.swift; sourceTree = "<group>"; };
/* End PBXFileReference section */

/* Begin PBXFrameworksBuildPhase section */
		1FF010372310A1620072006D /* Frameworks */ = {
			isa = PBXFrameworksBuildPhase;
			buildActionMask = 2147483647;
			files = (
			);
			runOnlyForDeploymentPostprocessing = 0;
		};
/* End PBXFrameworksBuildPhase section */

/* Begin PBXGroup section */
		1F1C2C1A236B7DD30028ABA8 /* ServicesNetworking */ = {
			isa = PBXGroup;
			children = (
				1F1C2C1B236B7E050028ABA8 /* NetworkingPost.swift */,
			);
			path = ServicesNetworking;
			sourceTree = "<group>";
		};
		1F418A74233011B700566E98 /* Global */ = {
			isa = PBXGroup;
			children = (
			);
			path = Global;
			sourceTree = "<group>";
		};
		1FAD554A236921BA007A9B85 /* ServicesNetworking */ = {
			isa = PBXGroup;
			children = (
				1FAD554B236921CE007A9B85 /* NetworkingSignIn.swift */,
			);
			path = ServicesNetworking;
			sourceTree = "<group>";
		};
		1FAD555123693CBA007A9B85 /* View */ = {
			isa = PBXGroup;
			children = (
				1F80588623B9B2D300C50037 /* CellPics.swift */,
				1FAD555223693CCA007A9B85 /* HeaderPics.swift */,
			);
			path = View;
			sourceTree = "<group>";
		};
		1FAD555423693CD2007A9B85 /* Model */ = {
			isa = PBXGroup;
			children = (
				1FCAB25B23B5B8830052DD11 /* PostModel.swift */,
			);
			path = Model;
			sourceTree = "<group>";
		};
		1FDA338323305F31006660A4 /* ServicesNetworking */ = {
			isa = PBXGroup;
			children = (
				1FDA338423305F85006660A4 /* DownloadImage.swift */,
				1FDA3386233064EE006660A4 /* NetworkingServices.swift */,
			);
			path = ServicesNetworking;
			sourceTree = "<group>";
		};
		1FEC63F0235FD2D4001FBF56 /* View */ = {
			isa = PBXGroup;
			children = (
			);
			path = View;
			sourceTree = "<group>";
		};
		1FEC63F1235FD2E2001FBF56 /* Model */ = {
			isa = PBXGroup;
			children = (
			);
			path = Model;
			sourceTree = "<group>";
		};
		1FEC63F2235FD2FF001FBF56 /* View */ = {
			isa = PBXGroup;
			children = (
				1F41715D236661B30078DEA2 /* SignInView.swift */,
			);
			path = View;
			sourceTree = "<group>";
		};
		1FEC63F3235FD305001FBF56 /* Model */ = {
			isa = PBXGroup;
			children = (
			);
			path = Model;
			sourceTree = "<group>";
		};
		1FEE0EA92311EB7500EE1E29 /* TabBar */ = {
			isa = PBXGroup;
			children = (
				1FEE0EAA2311EB9300EE1E29 /* MainTabBarController.swift */,
			);
			path = TabBar;
			sourceTree = "<group>";
		};
		1FEE0EAC2311F95600EE1E29 /* HomeFeed */ = {
			isa = PBXGroup;
			children = (
				1FEE0EB12311F9A800EE1E29 /* HomeFeedController.swift */,
			);
			path = HomeFeed;
			sourceTree = "<group>";
		};
		1FEE0EAD2311F96700EE1E29 /* Search */ = {
			isa = PBXGroup;
			children = (
				1FEE0EB32311F9FB00EE1E29 /* SearchController.swift */,
			);
			path = Search;
			sourceTree = "<group>";
		};
		1FEE0EAE2311F97400EE1E29 /* Create Posts */ = {
			isa = PBXGroup;
			children = (
				1F1C2C1A236B7DD30028ABA8 /* ServicesNetworking */,
				1FAD555423693CD2007A9B85 /* Model */,
				1FAD555123693CBA007A9B85 /* View */,
				1FEE0EBB231203EE00EE1E29 /* Controller */,
			);
			path = "Create Posts";
			sourceTree = "<group>";
		};
		1FEE0EAF2311F98500EE1E29 /* Notify */ = {
			isa = PBXGroup;
			children = (
				1FEE0EB72311FAC900EE1E29 /* NotifyController.swift */,
			);
			path = Notify;
			sourceTree = "<group>";
		};
		1FEE0EB02311F98E00EE1E29 /* UserProfile */ = {
			isa = PBXGroup;
			children = (
				1FDA338323305F31006660A4 /* ServicesNetworking */,
				1FEE0EC22312057400EE1E29 /* Model */,
				1FEE0EC12312056600EE1E29 /* View */,
				1FEE0EC02312055C00EE1E29 /* Controller */,
			);
			path = UserProfile;
			sourceTree = "<group>";
		};
		1FEE0EBB231203EE00EE1E29 /* Controller */ = {
			isa = PBXGroup;
			children = (
				1FEE0EB52311FA4200EE1E29 /* UploadPicController.swift */,
				1F97DB412369D96300DEB74D /* CreatePostController.swift */,
			);
			path = Controller;
			sourceTree = "<group>";
		};
		1FEE0EC02312055C00EE1E29 /* Controller */ = {
			isa = PBXGroup;
			children = (
				1F058D6E23358E5000426267 /* UpdatePortraitPic.swift */,
				1F5C340D23234BF600E2654A /* UpdateProfilePicController.swift */,
				1FEE0EB92311FB6300EE1E29 /* UserProfileController.swift */,
				1F7E9BCB2345A71E009444B0 /* UpdateInfoUsrController.swift */,
			);
			path = Controller;
			sourceTree = "<group>";
		};
		1FEE0EC12312056600EE1E29 /* View */ = {
			isa = PBXGroup;
			children = (
				1FEE0EBE2312041E00EE1E29 /* UserProfileHeader.swift */,
				1F54FF822314A9FA00678823 /* ProfilePostUsrCell.swift */,
				1FEC63F6235FF4B4001FBF56 /* MenuView.swift */,
			);
			path = View;
			sourceTree = "<group>";
		};
		1FEE0EC22312057400EE1E29 /* Model */ = {
			isa = PBXGroup;
			children = (
				1F54FF842314ADB400678823 /* UserModel.swift */,
			);
			path = Model;
			sourceTree = "<group>";
		};
		1FF010312310A1620072006D = {
			isa = PBXGroup;
			children = (
				1FF0103C2310A1620072006D /* uPhotos */,
				1FF0103B2310A1620072006D /* Products */,
			);
			sourceTree = "<group>";
		};
		1FF0103B2310A1620072006D /* Products */ = {
			isa = PBXGroup;
			children = (
				1FF0103A2310A1620072006D /* uPhotos.app */,
			);
			name = Products;
			sourceTree = "<group>";
		};
		1FF0103C2310A1620072006D /* uPhotos */ = {
			isa = PBXGroup;
			children = (
				1F418A74233011B700566E98 /* Global */,
				1FF0103D2310A1620072006D /* AppDelegate.swift */,
				1FEE0EB02311F98E00EE1E29 /* UserProfile */,
				1FEE0EAF2311F98500EE1E29 /* Notify */,
				1FEE0EAE2311F97400EE1E29 /* Create Posts */,
				1FEE0EAD2311F96700EE1E29 /* Search */,
				1FEE0EAC2311F95600EE1E29 /* HomeFeed */,
				1FEE0EA92311EB7500EE1E29 /* TabBar */,
				1FF010512310E3940072006D /* SignUp */,
				1FF0104F2310A2390072006D /* SignIn */,
				1FF010412310A1620072006D /* Main.storyboard */,
				1F54FF80231454E900678823 /* Assets.xcassets */,
				1F5C340B23233CE500E2654A /* portrait.png */,
				1FF010462310A1620072006D /* LaunchScreen.storyboard */,
				1FF010492310A1620072006D /* Info.plist */,
				1FEE0EC3231206BC00EE1E29 /* user_avatar.png */,
			);
			path = uPhotos;
			sourceTree = "<group>";
		};
		1FF0104F2310A2390072006D /* SignIn */ = {
			isa = PBXGroup;
			children = (
				1FAD554A236921BA007A9B85 /* ServicesNetworking */,
				1FEC63F3235FD305001FBF56 /* Model */,
				1FEC63F2235FD2FF001FBF56 /* View */,
				1FF010502310A3000072006D /* Controller */,
			);
			path = SignIn;
			sourceTree = "<group>";
		};
		1FF010502310A3000072006D /* Controller */ = {
			isa = PBXGroup;
			children = (
				1FF0103F2310A1620072006D /* SignInController.swift */,
			);
			path = Controller;
			sourceTree = "<group>";
		};
		1FF010512310E3940072006D /* SignUp */ = {
			isa = PBXGroup;
			children = (
				1FEC63F1235FD2E2001FBF56 /* Model */,
				1FEC63F0235FD2D4001FBF56 /* View */,
				1FF010522310E3D90072006D /* Controller */,
			);
			path = SignUp;
			sourceTree = "<group>";
		};
		1FF010522310E3D90072006D /* Controller */ = {
			isa = PBXGroup;
			children = (
				1FF010532310E3E90072006D /* SignUpController.swift */,
			);
			path = Controller;
			sourceTree = "<group>";
		};
/* End PBXGroup section */

/* Begin PBXNativeTarget section */
		1FF010392310A1620072006D /* uPhotos */ = {
			isa = PBXNativeTarget;
			buildConfigurationList = 1FF0104C2310A1620072006D /* Build configuration list for PBXNativeTarget "uPhotos" */;
			buildPhases = (
				1FF010362310A1620072006D /* Sources */,
				1FF010372310A1620072006D /* Frameworks */,
				1FF010382310A1620072006D /* Resources */,
			);
			buildRules = (
			);
			dependencies = (
			);
			name = uPhotos;
			productName = uPhotos;
			productReference = 1FF0103A2310A1620072006D /* uPhotos.app */;
			productType = "com.apple.product-type.application";
		};
/* End PBXNativeTarget section */

/* Begin PBXProject section */
		1FF010322310A1620072006D /* Project object */ = {
			isa = PBXProject;
			attributes = {
				LastSwiftUpdateCheck = 1030;
				LastUpgradeCheck = 1030;
				ORGANIZATIONNAME = "Kevin Amador Rios";
				TargetAttributes = {
					1FF010392310A1620072006D = {
						CreatedOnToolsVersion = 10.3;
					};
				};
			};
			buildConfigurationList = 1FF010352310A1620072006D /* Build configuration list for PBXProject "uPhotos" */;
			compatibilityVersion = "Xcode 9.3";
			developmentRegion = en;
			hasScannedForEncodings = 0;
			knownRegions = (
				en,
				Base,
			);
			mainGroup = 1FF010312310A1620072006D;
			productRefGroup = 1FF0103B2310A1620072006D /* Products */;
			projectDirPath = "";
			projectRoot = "";
			targets = (
				1FF010392310A1620072006D /* uPhotos */,
			);
		};
/* End PBXProject section */

/* Begin PBXResourcesBuildPhase section */
		1FF010382310A1620072006D /* Resources */ = {
			isa = PBXResourcesBuildPhase;
			buildActionMask = 2147483647;
			files = (
				1FF010482310A1620072006D /* LaunchScreen.storyboard in Resources */,
				1FF010432310A1620072006D /* Main.storyboard in Resources */,
				1F5C340C23233CE600E2654A /* portrait.png in Resources */,
				1FEE0EC4231206BC00EE1E29 /* user_avatar.png in Resources */,
				1F54FF81231454E900678823 /* Assets.xcassets in Resources */,
			);
			runOnlyForDeploymentPostprocessing = 0;
		};
/* End PBXResourcesBuildPhase section */

/* Begin PBXSourcesBuildPhase section */
		1FF010362310A1620072006D /* Sources */ = {
			isa = PBXSourcesBuildPhase;
			buildActionMask = 2147483647;
			files = (
				1FAD555323693CCA007A9B85 /* HeaderPics.swift in Sources */,
				1FEE0EB22311F9A800EE1E29 /* HomeFeedController.swift in Sources */,
				1FEE0EB42311F9FB00EE1E29 /* SearchController.swift in Sources */,
				1FF010402310A1620072006D /* SignInController.swift in Sources */,
				1FF0103E2310A1620072006D /* AppDelegate.swift in Sources */,
				1FEE0EAB2311EB9300EE1E29 /* MainTabBarController.swift in Sources */,
				1FDA3387233064EE006660A4 /* NetworkingServices.swift in Sources */,
				1F54FF832314A9FA00678823 /* ProfilePostUsrCell.swift in Sources */,
				1FF010542310E3E90072006D /* SignUpController.swift in Sources */,
				1F5C340E23234BF600E2654A /* UpdateProfilePicController.swift in Sources */,
				1FEE0EB82311FAC900EE1E29 /* NotifyController.swift in Sources */,
				1F41715E236661B30078DEA2 /* SignInView.swift in Sources */,
				1F1C2C1C236B7E050028ABA8 /* NetworkingPost.swift in Sources */,
				1F97DB422369D96300DEB74D /* CreatePostController.swift in Sources */,
				1FAD554C236921CE007A9B85 /* NetworkingSignIn.swift in Sources */,
				1F80588723B9B2D300C50037 /* CellPics.swift in Sources */,
				1FEE0EBF2312041E00EE1E29 /* UserProfileHeader.swift in Sources */,
				1F058D6F23358E5000426267 /* UpdatePortraitPic.swift in Sources */,
				1F7E9BCC2345A71E009444B0 /* UpdateInfoUsrController.swift in Sources */,
				1FEC63F7235FF4B4001FBF56 /* MenuView.swift in Sources */,
				1FEE0EB62311FA4200EE1E29 /* UploadPicController.swift in Sources */,
				1FCAB25C23B5B8830052DD11 /* PostModel.swift in Sources */,
				1F54FF852314ADB400678823 /* UserModel.swift in Sources */,
				1FDA338523305F85006660A4 /* DownloadImage.swift in Sources */,
				1FEE0EBA2311FB6300EE1E29 /* UserProfileController.swift in Sources */,
			);
			runOnlyForDeploymentPostprocessing = 0;
		};
/* End PBXSourcesBuildPhase section */

/* Begin PBXVariantGroup section */
		1FF010412310A1620072006D /* Main.storyboard */ = {
			isa = PBXVariantGroup;
			children = (
				1FF010422310A1620072006D /* Base */,
			);
			name = Main.storyboard;
			sourceTree = "<group>";
		};
		1FF010462310A1620072006D /* LaunchScreen.storyboard */ = {
			isa = PBXVariantGroup;
			children = (
				1FF010472310A1620072006D /* Base */,
			);
			name = LaunchScreen.storyboard;
			sourceTree = "<group>";
		};
/* End PBXVariantGroup section */

/* Begin XCBuildConfiguration section */
		1FF0104A2310A1620072006D /* Debug */ = {
			isa = XCBuildConfiguration;
			buildSettings = {
				ALWAYS_SEARCH_USER_PATHS = NO;
				CLANG_ANALYZER_NONNULL = YES;
				CLANG_ANALYZER_NUMBER_OBJECT_CONVERSION = YES_AGGRESSIVE;
				CLANG_CXX_LANGUAGE_STANDARD = "gnu++14";
				CLANG_CXX_LIBRARY = "libc++";
				CLANG_ENABLE_MODULES = YES;
				CLANG_ENABLE_OBJC_ARC = YES;
				CLANG_ENABLE_OBJC_WEAK = YES;
				CLANG_WARN_BLOCK_CAPTURE_AUTORELEASING = YES;
				CLANG_WARN_BOOL_CONVERSION = YES;
				CLANG_WARN_COMMA = YES;
				CLANG_WARN_CONSTANT_CONVERSION = YES;
				CLANG_WARN_DEPRECATED_OBJC_IMPLEMENTATIONS = YES;
				CLANG_WARN_DIRECT_OBJC_ISA_USAGE = YES_ERROR;
				CLANG_WARN_DOCUMENTATION_COMMENTS = YES;
				CLANG_WARN_EMPTY_BODY = YES;
				CLANG_WARN_ENUM_CONVERSION = YES;
				CLANG_WARN_INFINITE_RECURSION = YES;
				CLANG_WARN_INT_CONVERSION = YES;
				CLANG_WARN_NON_LITERAL_NULL_CONVERSION = YES;
				CLANG_WARN_OBJC_IMPLICIT_RETAIN_SELF = YES;
				CLANG_WARN_OBJC_LITERAL_CONVERSION = YES;
				CLANG_WARN_OBJC_ROOT_CLASS = YES_ERROR;
				CLANG_WARN_RANGE_LOOP_ANALYSIS = YES;
				CLANG_WARN_STRICT_PROTOTYPES = YES;
				CLANG_WARN_SUSPICIOUS_MOVE = YES;
				CLANG_WARN_UNGUARDED_AVAILABILITY = YES_AGGRESSIVE;
				CLANG_WARN_UNREACHABLE_CODE = YES;
				CLANG_WARN__DUPLICATE_METHOD_MATCH = YES;
				CODE_SIGN_IDENTITY = "iPhone Developer";
				COPY_PHASE_STRIP = NO;
				DEBUG_INFORMATION_FORMAT = dwarf;
				ENABLE_STRICT_OBJC_MSGSEND = YES;
				ENABLE_TESTABILITY = YES;
				GCC_C_LANGUAGE_STANDARD = gnu11;
				GCC_DYNAMIC_NO_PIC = NO;
				GCC_NO_COMMON_BLOCKS = YES;
				GCC_OPTIMIZATION_LEVEL = 0;
				GCC_PREPROCESSOR_DEFINITIONS = (
					"DEBUG=1",
					"$(inherited)",
				);
				GCC_WARN_64_TO_32_BIT_CONVERSION = YES;
				GCC_WARN_ABOUT_RETURN_TYPE = YES_ERROR;
				GCC_WARN_UNDECLARED_SELECTOR = YES;
				GCC_WARN_UNINITIALIZED_AUTOS = YES_AGGRESSIVE;
				GCC_WARN_UNUSED_FUNCTION = YES;
				GCC_WARN_UNUSED_VARIABLE = YES;
				IPHONEOS_DEPLOYMENT_TARGET = 11.0;
				MTL_ENABLE_DEBUG_INFO = INCLUDE_SOURCE;
				MTL_FAST_MATH = YES;
				ONLY_ACTIVE_ARCH = YES;
				SDKROOT = iphoneos;
				SWIFT_ACTIVE_COMPILATION_CONDITIONS = DEBUG;
				SWIFT_OPTIMIZATION_LEVEL = "-Onone";
			};
			name = Debug;
		};
		1FF0104B2310A1620072006D /* Release */ = {
			isa = XCBuildConfiguration;
			buildSettings = {
				ALWAYS_SEARCH_USER_PATHS = NO;
				CLANG_ANALYZER_NONNULL = YES;
				CLANG_ANALYZER_NUMBER_OBJECT_CONVERSION = YES_AGGRESSIVE;
				CLANG_CXX_LANGUAGE_STANDARD = "gnu++14";
				CLANG_CXX_LIBRARY = "libc++";
				CLANG_ENABLE_MODULES = YES;
				CLANG_ENABLE_OBJC_ARC = YES;
				CLANG_ENABLE_OBJC_WEAK = YES;
				CLANG_WARN_BLOCK_CAPTURE_AUTORELEASING = YES;
				CLANG_WARN_BOOL_CONVERSION = YES;
				CLANG_WARN_COMMA = YES;
				CLANG_WARN_CONSTANT_CONVERSION = YES;
				CLANG_WARN_DEPRECATED_OBJC_IMPLEMENTATIONS = YES;
				CLANG_WARN_DIRECT_OBJC_ISA_USAGE = YES_ERROR;
				CLANG_WARN_DOCUMENTATION_COMMENTS = YES;
				CLANG_WARN_EMPTY_BODY = YES;
				CLANG_WARN_ENUM_CONVERSION = YES;
				CLANG_WARN_INFINITE_RECURSION = YES;
				CLANG_WARN_INT_CONVERSION = YES;
				CLANG_WARN_NON_LITERAL_NULL_CONVERSION = YES;
				CLANG_WARN_OBJC_IMPLICIT_RETAIN_SELF = YES;
				CLANG_WARN_OBJC_LITERAL_CONVERSION = YES;
				CLANG_WARN_OBJC_ROOT_CLASS = YES_ERROR;
				CLANG_WARN_RANGE_LOOP_ANALYSIS = YES;
				CLANG_WARN_STRICT_PROTOTYPES = YES;
				CLANG_WARN_SUSPICIOUS_MOVE = YES;
				CLANG_WARN_UNGUARDED_AVAILABILITY = YES_AGGRESSIVE;
				CLANG_WARN_UNREACHABLE_CODE = YES;
				CLANG_WARN__DUPLICATE_METHOD_MATCH = YES;
				CODE_SIGN_IDENTITY = "iPhone Developer";
				COPY_PHASE_STRIP = NO;
				DEBUG_INFORMATION_FORMAT = "dwarf-with-dsym";
				ENABLE_NS_ASSERTIONS = NO;
				ENABLE_STRICT_OBJC_MSGSEND = YES;
				GCC_C_LANGUAGE_STANDARD = gnu11;
				GCC_NO_COMMON_BLOCKS = YES;
				GCC_WARN_64_TO_32_BIT_CONVERSION = YES;
				GCC_WARN_ABOUT_RETURN_TYPE = YES_ERROR;
				GCC_WARN_UNDECLARED_SELECTOR = YES;
				GCC_WARN_UNINITIALIZED_AUTOS = YES_AGGRESSIVE;
				GCC_WARN_UNUSED_FUNCTION = YES;
				GCC_WARN_UNUSED_VARIABLE = YES;
				IPHONEOS_DEPLOYMENT_TARGET = 11.0;
				MTL_ENABLE_DEBUG_INFO = NO;
				MTL_FAST_MATH = YES;
				SDKROOT = iphoneos;
				SWIFT_COMPILATION_MODE = wholemodule;
				SWIFT_OPTIMIZATION_LEVEL = "-O";
				VALIDATE_PRODUCT = YES;
			};
			name = Release;
		};
		1FF0104D2310A1620072006D /* Debug */ = {
			isa = XCBuildConfiguration;
			buildSettings = {
				ASSETCATALOG_COMPILER_APPICON_NAME = AppIcon;
				CODE_SIGN_STYLE = Automatic;
				DEVELOPMENT_TEAM = H5QG2Z5KD8;
				INFOPLIST_FILE = uPhotos/Info.plist;
				IPHONEOS_DEPLOYMENT_TARGET = 10.0;
				LD_RUNPATH_SEARCH_PATHS = (
					"$(inherited)",
					"@executable_path/Frameworks",
				);
				PRODUCT_BUNDLE_IDENTIFIER = StandarteSoftware.com.uPhotos;
				PRODUCT_NAME = "$(TARGET_NAME)";
				SWIFT_VERSION = 5.0;
				TARGETED_DEVICE_FAMILY = 1;
			};
			name = Debug;
		};
		1FF0104E2310A1620072006D /* Release */ = {
			isa = XCBuildConfiguration;
			buildSettings = {
				ASSETCATALOG_COMPILER_APPICON_NAME = AppIcon;
				CODE_SIGN_STYLE = Automatic;
				DEVELOPMENT_TEAM = H5QG2Z5KD8;
				INFOPLIST_FILE = uPhotos/Info.plist;
				IPHONEOS_DEPLOYMENT_TARGET = 10.0;
				LD_RUNPATH_SEARCH_PATHS = (
					"$(inherited)",
					"@executable_path/Frameworks",
				);
				PRODUCT_BUNDLE_IDENTIFIER = StandarteSoftware.com.uPhotos;
				PRODUCT_NAME = "$(TARGET_NAME)";
				SWIFT_VERSION = 5.0;
				TARGETED_DEVICE_FAMILY = 1;
			};
			name = Release;
		};
/* End XCBuildConfiguration section */

/* Begin XCConfigurationList section */
		1FF010352310A1620072006D /* Build configuration list for PBXProject "uPhotos" */ = {
			isa = XCConfigurationList;
			buildConfigurations = (
				1FF0104A2310A1620072006D /* Debug */,
				1FF0104B2310A1620072006D /* Release */,
			);
			defaultConfigurationIsVisible = 0;
			defaultConfigurationName = Release;
		};
		1FF0104C2310A1620072006D /* Build configuration list for PBXNativeTarget "uPhotos" */ = {
			isa = XCConfigurationList;
			buildConfigurations = (
				1FF0104D2310A1620072006D /* Debug */,
				1FF0104E2310A1620072006D /* Release */,
			);
			defaultConfigurationIsVisible = 0;
			defaultConfigurationName = Release;
		};
/* End XCConfigurationList section */
	};
	rootObject = 1FF010322310A1620072006D /* Project object */;
}
